# THIS IS AN AUTOGENERATED FILE. DO NOT EDIT THIS FILE DIRECTLY.
# yarn lockfile v1


"@approvers/dockerps-web-frontend@^0.2.0":
  version "0.2.0"
  resolved "https://npm.pkg.github.com/download/@approvers/dockerps-web-frontend/0.2.0/d6304093a3bd3fcb773e1673b2219544cfe4747078e5d2c7037701853fc3e623#bedeffbd8e0744184ec2140d42c55bf977f10ed0"
  integrity sha512-CNXRRi1YGu2xrbqesNqo8yru7w+V7rDYJNQANugg2udiWoFEPUxGP81y0cWs8/tcZe89vAzlBP3rc4oumhwxXQ==
